
Microsoft Visual Studio Solution File, Format Version 12.00
# Visual Studio Version 16
VisualStudioVersion = 16.0.30611.23
MinimumVisualStudioVersion = 10.0.40219.1
Project("{FAE04EC0-301F-11D3-BF4B-00C04F79EFBC}") = "ImageManipulationInParallel", "ImageManipulationInParallel\ImageManipulationInParallel.csproj", "{C37FD3F4-9A52-49B4-BFC2-252705F962C5}"
EndProject
Global
	GlobalSection(SolutionConfigurationPlatforms) = preSolution
		Debug|Any CPU = Debug|Any CPU
		Release|Any CPU = Release|Any CPU
	EndGlobalSection
	GlobalSection(ProjectConfigurationPlatforms) = postSolution
		{C37FD3F4-9A52-49B4-BFC2-252705F962C5}.Debug|Any CPU.ActiveCfg = Debug|Any CPU
		{C37FD3F4-9A52-49B4-BFC2-252705F962C5}.Debug|Any CPU.Build.0 = Debug|Any CPU
		{C37FD3F4-9A52-49B4-BFC2-252705F962C5}.Release|Any CPU.ActiveCfg = Release|Any CPU
		{C37FD3F4-9A52-49B4-BFC2-252705F962C5}.Release|Any CPU.Build.0 = Release|Any CPU
	EndGlobalSection
	GlobalSection(SolutionProperties) = preSolution
		HideSolutionNode = FALSE
	EndGlobalSection
	GlobalSection(ExtensibilityGlobals) = postSolution
		SolutionGuid = {BEFB4694-8685-48E4-B18B-E5196953B857}
	EndGlobalSection
EndGlobal
